
Microsoft Visual Studio Solution File, Format Version 12.00
# Visual Studio 15
VisualStudioVersion = 15.0.26730.10
MinimumVisualStudioVersion = 10.0.40219.1
Project("{9A19103F-16F7-4668-BE54-9A1E7A4F7556}") = "RedisRetry", "src\RedisRetry\RedisRetry.csproj", "{B4338224-C73D-4EDB-BAD4-6D0C88915C15}"
EndProject
Project("{FAE04EC0-301F-11D3-BF4B-00C04F79EFBC}") = "RedisRetry.Test", "test\RedisRetry.Test\RedisRetry.Test.csproj", "{F6AA64CD-DAC3-4B7D-A3EF-A472711FDB9F}"
EndProject
Global
	GlobalSection(SolutionConfigurationPlatforms) = preSolution
		Debug|Any CPU = Debug|Any CPU
		Release|Any CPU = Release|Any CPU
	EndGlobalSection
	GlobalSection(ProjectConfigurationPlatforms) = postSolution
		{B4338224-C73D-4EDB-BAD4-6D0C88915C15}.Debug|Any CPU.ActiveCfg = Debug|Any CPU
		{B4338224-C73D-4EDB-BAD4-6D0C88915C15}.Debug|Any CPU.Build.0 = Debug|Any CPU
		{B4338224-C73D-4EDB-BAD4-6D0C88915C15}.Release|Any CPU.ActiveCfg = Release|Any CPU
		{B4338224-C73D-4EDB-BAD4-6D0C88915C15}.Release|Any CPU.Build.0 = Release|Any CPU
		{F6AA64CD-DAC3-4B7D-A3EF-A472711FDB9F}.Debug|Any CPU.ActiveCfg = Debug|Any CPU
		{F6AA64CD-DAC3-4B7D-A3EF-A472711FDB9F}.Debug|Any CPU.Build.0 = Debug|Any CPU
		{F6AA64CD-DAC3-4B7D-A3EF-A472711FDB9F}.Release|Any CPU.ActiveCfg = Release|Any CPU
		{F6AA64CD-DAC3-4B7D-A3EF-A472711FDB9F}.Release|Any CPU.Build.0 = Release|Any CPU
	EndGlobalSection
	GlobalSection(SolutionProperties) = preSolution
		HideSolutionNode = FALSE
	EndGlobalSection
	GlobalSection(ExtensibilityGlobals) = postSolution
		SolutionGuid = {8F101081-452F-41A9-A97E-6FDD10E53C8F}
	EndGlobalSection
EndGlobal
